// !$*UTF8*$!
{
	archiveVersion = 1;
	classes = {
	};
	objectVersion = 46;
	objects = {

/* Begin PBXBuildFile section */
		9D66679B1CED114C005734FD /* OpenGL.framework in Frameworks */ = {isa = PBXBuildFile; fileRef = 9D66679A1CED114C005734FD /* OpenGL.framework */; };
		9DD730D71CE28A9C008575AF /* SDL2.framework in Frameworks */ = {isa = PBXBuildFile; fileRef = 9DD730D61CE28A9C008575AF /* SDL2.framework */; };
		9DD731021CE28D68008575AF /* io.c in Sources */ = {isa = PBXBuildFile; fileRef = 9DD730F51CE28D68008575AF /* io.c */; };
		9DD731031CE28D68008575AF /* main.c in Sources */ = {isa = PBXBuildFile; fileRef = 9DD730F81CE28D68008575AF /* main.c */; };
		9DD731051CE28D68008575AF /* shader.c in Sources */ = {isa = PBXBuildFile; fileRef = 9DD730FA1CE28D68008575AF /* shader.c */; };
/* End PBXBuildFile section */

/* Begin PBXCopyFilesBuildPhase section */
		9DD730AE1CE28792008575AF /* Copy Files */ = {
			isa = PBXCopyFilesBuildPhase;
			buildActionMask = 2147483647;
			dstPath = /usr/share/man/man1/;
			dstSubfolderSpec = 0;
			files = (
			);
			name = "Copy Files";
			runOnlyForDeploymentPostprocessing = 1;
		};
/* End PBXCopyFilesBuildPhase section */

/* Begin PBXFileReference section */
		9D07AC741CECAACF00EEB0C6 /* gouraudShader.vert */ = {isa = PBXFileReference; fileEncoding = 4; lastKnownFileType = sourcecode.glsl; name = gouraudShader.vert; path = src/gouraudShader.vert; sourceTree = "<group>"; };
		9D07AC751CECAAEF00EEB0C6 /* gouraudShader.frag */ = {isa = PBXFileReference; fileEncoding = 4; lastKnownFileType = sourcecode.glsl; name = gouraudShader.frag; path = src/gouraudShader.frag; sourceTree = "<group>"; };
		9D6667951CECD3FD005734FD /* flatShader.frag */ = {isa = PBXFileReference; fileEncoding = 4; lastKnownFileType = sourcecode.glsl; name = flatShader.frag; path = "/Users/nathandietzenbach/Desktop/C-in-XCode/src/flatShader.frag"; sourceTree = "<absolute>"; };
		9D6667961CECD40D005734FD /* flatShader.vert */ = {isa = PBXFileReference; fileEncoding = 4; lastKnownFileType = sourcecode.glsl; name = flatShader.vert; path = src/flatShader.vert; sourceTree = "<group>"; };
		9D66679A1CED114C005734FD /* OpenGL.framework */ = {isa = PBXFileReference; lastKnownFileType = wrapper.framework; name = OpenGL.framework; path = System/Library/Frameworks/OpenGL.framework; sourceTree = SDKROOT; };
		9DA5278B1CE424F3007AA8F7 /* lampshader.frag */ = {isa = PBXFileReference; fileEncoding = 4; lastKnownFileType = sourcecode.glsl; name = lampshader.frag; path = src/lampshader.frag; sourceTree = "<group>"; };
		9DA5278C1CE42B05007AA8F7 /* lampshader.vert */ = {isa = PBXFileReference; fileEncoding = 4; lastKnownFileType = sourcecode.glsl; name = lampshader.vert; path = src/lampshader.vert; sourceTree = "<group>"; };
		9DD730B01CE28792008575AF /* C-in-XCode */ = {isa = PBXFileReference; explicitFileType = "compiled.mach-o.executable"; includeInIndex = 0; path = "C-in-XCode"; sourceTree = BUILT_PRODUCTS_DIR; };
		9DD730D61CE28A9C008575AF /* SDL2.framework */ = {isa = PBXFileReference; lastKnownFileType = wrapper.framework; path = SDL2.framework; sourceTree = "<group>"; };
		9DD730F31CE28D68008575AF /* awesomeface.png */ = {isa = PBXFileReference; lastKnownFileType = image.png; name = awesomeface.png; path = src/awesomeface.png; sourceTree = "<group>"; };
		9DD730F41CE28D68008575AF /* container.jpg */ = {isa = PBXFileReference; lastKnownFileType = image.jpeg; name = container.jpg; path = src/container.jpg; sourceTree = "<group>"; };
		9DD730F51CE28D68008575AF /* io.c */ = {isa = PBXFileReference; fileEncoding = 4; lastKnownFileType = sourcecode.c.c; name = io.c; path = src/io.c; sourceTree = "<group>"; };
		9DD730F61CE28D68008575AF /* io.h */ = {isa = PBXFileReference; fileEncoding = 4; lastKnownFileType = sourcecode.c.h; name = io.h; path = src/io.h; sourceTree = "<group>"; };
		9DD730F71CE28D68008575AF /* linmath.h */ = {isa = PBXFileReference; fileEncoding = 4; lastKnownFileType = sourcecode.c.h; name = linmath.h; path = src/linmath.h; sourceTree = "<group>"; };
		9DD730F81CE28D68008575AF /* main.c */ = {isa = PBXFileReference; fileEncoding = 4; lastKnownFileType = sourcecode.c.c; name = main.c; path = src/main.c; sourceTree = "<group>"; };
		9DD730FA1CE28D68008575AF /* shader.c */ = {isa = PBXFileReference; fileEncoding = 4; lastKnownFileType = sourcecode.c.c; name = shader.c; path = src/shader.c; sourceTree = "<group>"; };
		9DD730FB1CE28D68008575AF /* phongShader.frag */ = {isa = PBXFileReference; fileEncoding = 4; lastKnownFileType = sourcecode.glsl; name = phongShader.frag; path = src/phongShader.frag; sourceTree = "<group>"; };
		9DD730FC1CE28D68008575AF /* shader.h */ = {isa = PBXFileReference; fileEncoding = 4; lastKnownFileType = sourcecode.c.h; name = shader.h; path = src/shader.h; sourceTree = "<group>"; };
		9DD730FD1CE28D68008575AF /* phongShader.vert */ = {isa = PBXFileReference; fileEncoding = 4; lastKnownFileType = sourcecode.glsl; name = phongShader.vert; path = src/phongShader.vert; sourceTree = "<group>"; };
		9DD731011CE28D68008575AF /* stb_image.h */ = {isa = PBXFileReference; fileEncoding = 4; lastKnownFileType = sourcecode.c.h; name = stb_image.h; path = src/stb_image.h; sourceTree = "<group>"; };
/* End PBXFileReference section */

/* Begin PBXFrameworksBuildPhase section */
		9DD730AD1CE28792008575AF /* Frameworks */ = {
			isa = PBXFrameworksBuildPhase;
			buildActionMask = 2147483647;
			files = (
				9D66679B1CED114C005734FD /* OpenGL.framework in Frameworks */,
				9DD730D71CE28A9C008575AF /* SDL2.framework in Frameworks */,
			);
			runOnlyForDeploymentPostprocessing = 0;
		};
/* End PBXFrameworksBuildPhase section */

/* Begin PBXGroup section */
		9DD730A71CE28792008575AF = {
			isa = PBXGroup;
			children = (
				9D66679A1CED114C005734FD /* OpenGL.framework */,
				9DD730D61CE28A9C008575AF /* SDL2.framework */,
				9DD730F21CE28D59008575AF /* src */,
				9DD730B11CE28792008575AF /* build */,
			);
			sourceTree = "<group>";
		};
		9DD730B11CE28792008575AF /* build */ = {
			isa = PBXGroup;
			children = (
				9DD730B01CE28792008575AF /* C-in-XCode */,
			);
			name = build;
			sourceTree = "<group>";
		};
		9DD730F21CE28D59008575AF /* src */ = {
			isa = PBXGroup;
			children = (
				9DD730F31CE28D68008575AF /* awesomeface.png */,
				9DD730F41CE28D68008575AF /* container.jpg */,
				9DD730F51CE28D68008575AF /* io.c */,
				9DD730F61CE28D68008575AF /* io.h */,
				9DD730F71CE28D68008575AF /* linmath.h */,
				9DD730F81CE28D68008575AF /* main.c */,
				9DD730FA1CE28D68008575AF /* shader.c */,
				9DD730FB1CE28D68008575AF /* phongShader.frag */,
				9DD730FC1CE28D68008575AF /* shader.h */,
				9DD730FD1CE28D68008575AF /* phongShader.vert */,
				9DD731011CE28D68008575AF /* stb_image.h */,
				9DA5278B1CE424F3007AA8F7 /* lampshader.frag */,
				9DA5278C1CE42B05007AA8F7 /* lampshader.vert */,
				9D07AC741CECAACF00EEB0C6 /* gouraudShader.vert */,
				9D07AC751CECAAEF00EEB0C6 /* gouraudShader.frag */,
				9D6667951CECD3FD005734FD /* flatShader.frag */,
				9D6667961CECD40D005734FD /* flatShader.vert */,
			);
			name = src;
			sourceTree = "<group>";
		};
/* End PBXGroup section */

/* Begin PBXNativeTarget section */
		9DD730AF1CE28792008575AF /* C-in-XCode */ = {
			isa = PBXNativeTarget;
			buildConfigurationList = 9DD730B71CE28792008575AF /* Build configuration list for PBXNativeTarget "C-in-XCode" */;
			buildPhases = (
				9DD730AC1CE28792008575AF /* Sources */,
				9DD730AD1CE28792008575AF /* Frameworks */,
				9DD730AE1CE28792008575AF /* Copy Files */,
			);
			buildRules = (
			);
			dependencies = (
			);
			name = "C-in-XCode";
			productName = "C-in-XCode";
			productReference = 9DD730B01CE28792008575AF /* C-in-XCode */;
			productType = "com.apple.product-type.tool";
		};
/* End PBXNativeTarget section */

/* Begin PBXProject section */
		9DD730A81CE28792008575AF /* Project object */ = {
			isa = PBXProject;
			attributes = {
				LastUpgradeCheck = 0730;
				ORGANIZATIONNAME = "Nathan Dietzenbach";
				TargetAttributes = {
					9DD730AF1CE28792008575AF = {
						CreatedOnToolsVersion = 7.3.1;
					};
				};
			};
			buildConfigurationList = 9DD730AB1CE28792008575AF /* Build configuration list for PBXProject "C-in-XCode" */;
			compatibilityVersion = "Xcode 3.2";
			developmentRegion = English;
			hasScannedForEncodings = 0;
			knownRegions = (
				en,
			);
			mainGroup = 9DD730A71CE28792008575AF;
			productRefGroup = 9DD730B11CE28792008575AF /* build */;
			projectDirPath = "";
			projectRoot = "";
			targets = (
				9DD730AF1CE28792008575AF /* C-in-XCode */,
			);
		};
/* End PBXProject section */

/* Begin PBXSourcesBuildPhase section */
		9DD730AC1CE28792008575AF /* Sources */ = {
			isa = PBXSourcesBuildPhase;
			buildActionMask = 2147483647;
			files = (
				9DD731051CE28D68008575AF /* shader.c in Sources */,
				9DD731031CE28D68008575AF /* main.c in Sources */,
				9DD731021CE28D68008575AF /* io.c in Sources */,
			);
			runOnlyForDeploymentPostprocessing = 0;
		};
/* End PBXSourcesBuildPhase section */

/* Begin XCBuildConfiguration section */
		9DD730B51CE28792008575AF /* Debug */ = {
			isa = XCBuildConfiguration;
			buildSettings = {
				ALWAYS_SEARCH_USER_PATHS = NO;
				CLANG_ANALYZER_NONNULL = YES;
				CLANG_ANALYZER_SECURITY_FLOATLOOPCOUNTER = YES;
				CLANG_ANALYZER_SECURITY_INSECUREAPI_RAND = YES;
				CLANG_ANALYZER_SECURITY_INSECUREAPI_STRCPY = YES;
				CLANG_CXX_LANGUAGE_STANDARD = "gnu++0x";
				CLANG_CXX_LIBRARY = "libc++";
				CLANG_ENABLE_MODULES = YES;
				CLANG_ENABLE_OBJC_ARC = YES;
				CLANG_WARN_ASSIGN_ENUM = YES;
				CLANG_WARN_BOOL_CONVERSION = YES;
				CLANG_WARN_CONSTANT_CONVERSION = YES;
				CLANG_WARN_DIRECT_OBJC_ISA_USAGE = YES_ERROR;
				CLANG_WARN_DOCUMENTATION_COMMENTS = NO;
				CLANG_WARN_EMPTY_BODY = YES;
				CLANG_WARN_ENUM_CONVERSION = YES;
				CLANG_WARN_IMPLICIT_SIGN_CONVERSION = NO;
				CLANG_WARN_INT_CONVERSION = YES;
				CLANG_WARN_NULLABLE_TO_NONNULL_CONVERSION = YES;
				CLANG_WARN_OBJC_ROOT_CLASS = YES_ERROR;
				CLANG_WARN_SUSPICIOUS_IMPLICIT_CONVERSION = NO;
				CLANG_WARN_UNREACHABLE_CODE = YES;
				CLANG_WARN__DUPLICATE_METHOD_MATCH = YES;
				CODE_SIGN_IDENTITY = "";
				COPY_PHASE_STRIP = NO;
				DEBUG_INFORMATION_FORMAT = dwarf;
				ENABLE_STRICT_OBJC_MSGSEND = YES;
				ENABLE_TESTABILITY = YES;
				GCC_C_LANGUAGE_STANDARD = gnu11;
				GCC_DYNAMIC_NO_PIC = NO;
				GCC_ENABLE_PASCAL_STRINGS = NO;
				GCC_NO_COMMON_BLOCKS = YES;
				GCC_OPTIMIZATION_LEVEL = 0;
				GCC_PREPROCESSOR_DEFINITIONS = (
					"DEBUG=1",
					"$(inherited)",
				);
				GCC_TREAT_IMPLICIT_FUNCTION_DECLARATIONS_AS_ERRORS = NO;
				GCC_TREAT_INCOMPATIBLE_POINTER_TYPE_WARNINGS_AS_ERRORS = YES;
				GCC_WARN_64_TO_32_BIT_CONVERSION = YES;
				GCC_WARN_ABOUT_MISSING_FIELD_INITIALIZERS = YES;
				GCC_WARN_ABOUT_MISSING_NEWLINE = YES;
				GCC_WARN_ABOUT_MISSING_PROTOTYPES = NO;
				GCC_WARN_ABOUT_RETURN_TYPE = YES_ERROR;
				GCC_WARN_FOUR_CHARACTER_CONSTANTS = YES;
				GCC_WARN_INITIALIZER_NOT_FULLY_BRACKETED = YES;
				GCC_WARN_PEDANTIC = YES;
				GCC_WARN_SHADOW = YES;
				GCC_WARN_SIGN_COMPARE = YES;
				GCC_WARN_UNDECLARED_SELECTOR = YES;
				GCC_WARN_UNINITIALIZED_AUTOS = YES_AGGRESSIVE;
				GCC_WARN_UNKNOWN_PRAGMAS = YES;
				GCC_WARN_UNUSED_FUNCTION = YES;
				GCC_WARN_UNUSED_LABEL = YES;
				GCC_WARN_UNUSED_PARAMETER = YES;
				GCC_WARN_UNUSED_VARIABLE = YES;
				HEADER_SEARCH_PATHS = "";
				LIBRARY_SEARCH_PATHS = "";
				MACOSX_DEPLOYMENT_TARGET = 10.11;
				MTL_ENABLE_DEBUG_INFO = YES;
				ONLY_ACTIVE_ARCH = YES;
				SDKROOT = macosx;
			};
			name = Debug;
		};
		9DD730B61CE28792008575AF /* Release */ = {
			isa = XCBuildConfiguration;
			buildSettings = {
				ALWAYS_SEARCH_USER_PATHS = NO;
				CLANG_ANALYZER_NONNULL = YES;
				CLANG_ANALYZER_SECURITY_FLOATLOOPCOUNTER = YES;
				CLANG_ANALYZER_SECURITY_INSECUREAPI_RAND = YES;
				CLANG_ANALYZER_SECURITY_INSECUREAPI_STRCPY = YES;
				CLANG_CXX_LANGUAGE_STANDARD = "gnu++0x";
				CLANG_CXX_LIBRARY = "libc++";
				CLANG_ENABLE_MODULES = YES;
				CLANG_ENABLE_OBJC_ARC = YES;
				CLANG_WARN_ASSIGN_ENUM = YES;
				CLANG_WARN_BOOL_CONVERSION = YES;
				CLANG_WARN_CONSTANT_CONVERSION = YES;
				CLANG_WARN_DIRECT_OBJC_ISA_USAGE = YES_ERROR;
				CLANG_WARN_DOCUMENTATION_COMMENTS = NO;
				CLANG_WARN_EMPTY_BODY = YES;
				CLANG_WARN_ENUM_CONVERSION = YES;
				CLANG_WARN_IMPLICIT_SIGN_CONVERSION = NO;
				CLANG_WARN_INT_CONVERSION = YES;
				CLANG_WARN_NULLABLE_TO_NONNULL_CONVERSION = YES;
				CLANG_WARN_OBJC_ROOT_CLASS = YES_ERROR;
				CLANG_WARN_SUSPICIOUS_IMPLICIT_CONVERSION = NO;
				CLANG_WARN_UNREACHABLE_CODE = YES;
				CLANG_WARN__DUPLICATE_METHOD_MATCH = YES;
				CODE_SIGN_IDENTITY = "";
				COPY_PHASE_STRIP = NO;
				DEBUG_INFORMATION_FORMAT = "dwarf-with-dsym";
				ENABLE_NS_ASSERTIONS = NO;
				ENABLE_STRICT_OBJC_MSGSEND = YES;
				GCC_C_LANGUAGE_STANDARD = gnu11;
				GCC_ENABLE_PASCAL_STRINGS = NO;
				GCC_NO_COMMON_BLOCKS = YES;
				GCC_TREAT_IMPLICIT_FUNCTION_DECLARATIONS_AS_ERRORS = NO;
				GCC_TREAT_INCOMPATIBLE_POINTER_TYPE_WARNINGS_AS_ERRORS = YES;
				GCC_WARN_64_TO_32_BIT_CONVERSION = YES;
				GCC_WARN_ABOUT_MISSING_FIELD_INITIALIZERS = YES;
				GCC_WARN_ABOUT_MISSING_NEWLINE = YES;
				GCC_WARN_ABOUT_MISSING_PROTOTYPES = NO;
				GCC_WARN_ABOUT_RETURN_TYPE = YES_ERROR;
				GCC_WARN_FOUR_CHARACTER_CONSTANTS = YES;
				GCC_WARN_INITIALIZER_NOT_FULLY_BRACKETED = YES;
				GCC_WARN_PEDANTIC = YES;
				GCC_WARN_SHADOW = YES;
				GCC_WARN_SIGN_COMPARE = YES;
				GCC_WARN_UNDECLARED_SELECTOR = YES;
				GCC_WARN_UNINITIALIZED_AUTOS = YES_AGGRESSIVE;
				GCC_WARN_UNKNOWN_PRAGMAS = YES;
				GCC_WARN_UNUSED_FUNCTION = YES;
				GCC_WARN_UNUSED_LABEL = YES;
				GCC_WARN_UNUSED_PARAMETER = YES;
				GCC_WARN_UNUSED_VARIABLE = YES;
				HEADER_SEARCH_PATHS = "";
				LIBRARY_SEARCH_PATHS = "";
				MACOSX_DEPLOYMENT_TARGET = 10.11;
				MTL_ENABLE_DEBUG_INFO = NO;
				SDKROOT = macosx;
			};
			name = Release;
		};
		9DD730B81CE28792008575AF /* Debug */ = {
			isa = XCBuildConfiguration;
			buildSettings = {
				FRAMEWORK_SEARCH_PATHS = (
					"$(inherited)",
					"$(PROJECT_DIR)",
				);
				HEADER_SEARCH_PATHS = /usr/local/include;
				LIBRARY_SEARCH_PATHS = /usr/local/lib;
				PRODUCT_NAME = "$(TARGET_NAME)";
			};
			name = Debug;
		};
		9DD730B91CE28792008575AF /* Release */ = {
			isa = XCBuildConfiguration;
			buildSettings = {
				FRAMEWORK_SEARCH_PATHS = (
					"$(inherited)",
					"$(PROJECT_DIR)",
				);
				HEADER_SEARCH_PATHS = /usr/local/include;
				LIBRARY_SEARCH_PATHS = /usr/local/lib;
				PRODUCT_NAME = "$(TARGET_NAME)";
			};
			name = Release;
		};
/* End XCBuildConfiguration section */

/* Begin XCConfigurationList section */
		9DD730AB1CE28792008575AF /* Build configuration list for PBXProject "C-in-XCode" */ = {
			isa = XCConfigurationList;
			buildConfigurations = (
				9DD730B51CE28792008575AF /* Debug */,
				9DD730B61CE28792008575AF /* Release */,
			);
			defaultConfigurationIsVisible = 0;
			defaultConfigurationName = Release;
		};
		9DD730B71CE28792008575AF /* Build configuration list for PBXNativeTarget "C-in-XCode" */ = {
			isa = XCConfigurationList;
			buildConfigurations = (
				9DD730B81CE28792008575AF /* Debug */,
				9DD730B91CE28792008575AF /* Release */,
			);
			defaultConfigurationIsVisible = 0;
			defaultConfigurationName = Release;
		};
/* End XCConfigurationList section */
	};
	rootObject = 9DD730A81CE28792008575AF /* Project object */;
}
